
Microsoft Visual Studio Solution File, Format Version 11.00
# Visual Studio 2010
Project("{FAE04EC0-301F-11D3-BF4B-00C04F79EFBC}") = "SampleApp", "SampleApp\SampleApp.csproj", "{454C017E-F67D-4B1D-AC18-B40DF72DCEB5}"
EndProject
Project("{FAE04EC0-301F-11D3-BF4B-00C04F79EFBC}") = "SampleTestApp", "SampleTestApp\SampleTestApp.csproj", "{E6CB5DF6-EE48-4386-A7A6-F21C2C767E49}"
EndProject
Global
	GlobalSection(SolutionConfigurationPlatforms) = preSolution
		Debug|Any CPU = Debug|Any CPU
		Release|Any CPU = Release|Any CPU
	EndGlobalSection
	GlobalSection(ProjectConfigurationPlatforms) = postSolution
		{454C017E-F67D-4B1D-AC18-B40DF72DCEB5}.Debug|Any CPU.ActiveCfg = Debug|Any CPU
		{454C017E-F67D-4B1D-AC18-B40DF72DCEB5}.Debug|Any CPU.Build.0 = Debug|Any CPU
		{454C017E-F67D-4B1D-AC18-B40DF72DCEB5}.Release|Any CPU.ActiveCfg = Release|Any CPU
		{454C017E-F67D-4B1D-AC18-B40DF72DCEB5}.Release|Any CPU.Build.0 = Release|Any CPU
		{E6CB5DF6-EE48-4386-A7A6-F21C2C767E49}.Debug|Any CPU.ActiveCfg = Debug|Any CPU
		{E6CB5DF6-EE48-4386-A7A6-F21C2C767E49}.Debug|Any CPU.Build.0 = Debug|Any CPU
		{E6CB5DF6-EE48-4386-A7A6-F21C2C767E49}.Release|Any CPU.ActiveCfg = Release|Any CPU
		{E6CB5DF6-EE48-4386-A7A6-F21C2C767E49}.Release|Any CPU.Build.0 = Release|Any CPU
	EndGlobalSection
	GlobalSection(SolutionProperties) = preSolution
		HideSolutionNode = FALSE
	EndGlobalSection
EndGlobal
